
Microsoft Visual Studio Solution File, Format Version 12.00
# Visual Studio Version 17
VisualStudioVersion = 17.4.33103.184
MinimumVisualStudioVersion = 10.0.40219.1
Project("{9A19103F-16F7-4668-BE54-9A1E7A4F7556}") = "TinyUrlProto", "TinyUrlProto\TinyUrlProto.csproj", "{1FDB28AF-D5A4-4452-8FBB-CC9A1F8BEDE6}"
EndProject
Project("{FAE04EC0-301F-11D3-BF4B-00C04F79EFBC}") = "Tests", "Tests\Tests.csproj", "{6CFE9AEE-E091-41A0-9B22-5721548611FE}"
EndProject
Global
	GlobalSection(SolutionConfigurationPlatforms) = preSolution
		Debug|Any CPU = Debug|Any CPU
		Release|Any CPU = Release|Any CPU
	EndGlobalSection
	GlobalSection(ProjectConfigurationPlatforms) = postSolution
		{1FDB28AF-D5A4-4452-8FBB-CC9A1F8BEDE6}.Debug|Any CPU.ActiveCfg = Debug|Any CPU
		{1FDB28AF-D5A4-4452-8FBB-CC9A1F8BEDE6}.Debug|Any CPU.Build.0 = Debug|Any CPU
		{1FDB28AF-D5A4-4452-8FBB-CC9A1F8BEDE6}.Release|Any CPU.ActiveCfg = Release|Any CPU
		{1FDB28AF-D5A4-4452-8FBB-CC9A1F8BEDE6}.Release|Any CPU.Build.0 = Release|Any CPU
		{6CFE9AEE-E091-41A0-9B22-5721548611FE}.Debug|Any CPU.ActiveCfg = Debug|Any CPU
		{6CFE9AEE-E091-41A0-9B22-5721548611FE}.Debug|Any CPU.Build.0 = Debug|Any CPU
		{6CFE9AEE-E091-41A0-9B22-5721548611FE}.Release|Any CPU.ActiveCfg = Release|Any CPU
		{6CFE9AEE-E091-41A0-9B22-5721548611FE}.Release|Any CPU.Build.0 = Release|Any CPU
	EndGlobalSection
	GlobalSection(SolutionProperties) = preSolution
		HideSolutionNode = FALSE
	EndGlobalSection
	GlobalSection(ExtensibilityGlobals) = postSolution
		SolutionGuid = {75A2A33D-B5E5-4B83-8B0F-83C5EDEF4E51}
	EndGlobalSection
EndGlobal
